// !$*UTF8*$!
{
	archiveVersion = 1;
	classes = {
	};
	objectVersion = 50;
	objects = {

/* Begin PBXBuildFile section */
		E00ABC0F21BAC74D00FA0B22 /* Level-03.plist in Resources */ = {isa = PBXBuildFile; fileRef = E00ABC0E21BAC74D00FA0B22 /* Level-03.plist */; };
		E0D2915221B54619002AF196 /* Level-02.plist in Resources */ = {isa = PBXBuildFile; fileRef = E0D2915121B54619002AF196 /* Level-02.plist */; };
		E0D4A0FB2195A710003721DD /* AppDelegate.swift in Sources */ = {isa = PBXBuildFile; fileRef = E0D4A0FA2195A710003721DD /* AppDelegate.swift */; };
		E0D4A0FD2195A710003721DD /* GameScene.sks in Resources */ = {isa = PBXBuildFile; fileRef = E0D4A0FC2195A710003721DD /* GameScene.sks */; };
		E0D4A1012195A710003721DD /* GameScene.swift in Sources */ = {isa = PBXBuildFile; fileRef = E0D4A1002195A710003721DD /* GameScene.swift */; };
		E0D4A1032195A710003721DD /* GameViewController.swift in Sources */ = {isa = PBXBuildFile; fileRef = E0D4A1022195A710003721DD /* GameViewController.swift */; };
		E0D4A1062195A710003721DD /* Main.storyboard in Resources */ = {isa = PBXBuildFile; fileRef = E0D4A1042195A710003721DD /* Main.storyboard */; };
		E0D4A10B2195A711003721DD /* LaunchScreen.storyboard in Resources */ = {isa = PBXBuildFile; fileRef = E0D4A1092195A711003721DD /* LaunchScreen.storyboard */; };
		E0D4A1202195A91F003721DD /* Level-01.plist in Resources */ = {isa = PBXBuildFile; fileRef = E0D4A1162195A91F003721DD /* Level-01.plist */; };
		E0D4A1212195A91F003721DD /* Particle.png in Resources */ = {isa = PBXBuildFile; fileRef = E0D4A1182195A91F003721DD /* Particle.png */; };
		E0D4A1222195A91F003721DD /* Particle.sks in Resources */ = {isa = PBXBuildFile; fileRef = E0D4A1192195A91F003721DD /* Particle.sks */; };
		E0D4A1232195A91F003721DD /* Particle@2x.png in Resources */ = {isa = PBXBuildFile; fileRef = E0D4A11A2195A91F003721DD /* Particle@2x.png */; };
		E0D4A1242195A91F003721DD /* CheeZeeJungle.caf in Resources */ = {isa = PBXBuildFile; fileRef = E0D4A11C2195A91F003721DD /* CheeZeeJungle.caf */; };
		E0D4A1252195A91F003721DD /* NomNom.caf in Resources */ = {isa = PBXBuildFile; fileRef = E0D4A11D2195A91F003721DD /* NomNom.caf */; };
		E0D4A1262195A91F003721DD /* Slice.caf in Resources */ = {isa = PBXBuildFile; fileRef = E0D4A11E2195A91F003721DD /* Slice.caf */; };
		E0D4A1272195A91F003721DD /* Splash.caf in Resources */ = {isa = PBXBuildFile; fileRef = E0D4A11F2195A91F003721DD /* Splash.caf */; };
		E0D4A12B2195A9A7003721DD /* Assets.xcassets in Resources */ = {isa = PBXBuildFile; fileRef = E0D4A12A2195A9A7003721DD /* Assets.xcassets */; };
		E0D4A12D2195AEF5003721DD /* Constants.swift in Sources */ = {isa = PBXBuildFile; fileRef = E0D4A12C2195AEF5003721DD /* Constants.swift */; };
		E0D4A12F2195B75D003721DD /* VineNode.swift in Sources */ = {isa = PBXBuildFile; fileRef = E0D4A12E2195B75D003721DD /* VineNode.swift */; };
		E0FCB2BB219EE69D009DC0B6 /* Contents.json in Resources */ = {isa = PBXBuildFile; fileRef = E0FCB2BA219EE69D009DC0B6 /* Contents.json */; };
		E0FCB2BD219EE7A1009DC0B6 /* MenuScene.swift in Sources */ = {isa = PBXBuildFile; fileRef = E0FCB2BC219EE7A1009DC0B6 /* MenuScene.swift */; };
		E0FCB2C1219EEC78009DC0B6 /* MenuScene.sks in Resources */ = {isa = PBXBuildFile; fileRef = E0FCB2C0219EEC78009DC0B6 /* MenuScene.sks */; };
/* End PBXBuildFile section */

/* Begin PBXFileReference section */
		E00ABC0E21BAC74D00FA0B22 /* Level-03.plist */ = {isa = PBXFileReference; fileEncoding = 4; lastKnownFileType = text.plist.xml; path = "Level-03.plist"; sourceTree = "<group>"; };
		E0D2915121B54619002AF196 /* Level-02.plist */ = {isa = PBXFileReference; fileEncoding = 4; lastKnownFileType = text.plist.xml; path = "Level-02.plist"; sourceTree = "<group>"; };
		E0D4A0F72195A710003721DD /* Feed Me.app */ = {isa = PBXFileReference; explicitFileType = wrapper.application; includeInIndex = 0; path = "Feed Me.app"; sourceTree = BUILT_PRODUCTS_DIR; };
		E0D4A0FA2195A710003721DD /* AppDelegate.swift */ = {isa = PBXFileReference; lastKnownFileType = sourcecode.swift; path = AppDelegate.swift; sourceTree = "<group>"; };
		E0D4A0FC2195A710003721DD /* GameScene.sks */ = {isa = PBXFileReference; lastKnownFileType = file.sks; path = GameScene.sks; sourceTree = "<group>"; };
		E0D4A1002195A710003721DD /* GameScene.swift */ = {isa = PBXFileReference; lastKnownFileType = sourcecode.swift; path = GameScene.swift; sourceTree = "<group>"; };
		E0D4A1022195A710003721DD /* GameViewController.swift */ = {isa = PBXFileReference; lastKnownFileType = sourcecode.swift; path = GameViewController.swift; sourceTree = "<group>"; };
		E0D4A1052195A710003721DD /* Base */ = {isa = PBXFileReference; lastKnownFileType = file.storyboard; name = Base; path = Base.lproj/Main.storyboard; sourceTree = "<group>"; };
		E0D4A10A2195A711003721DD /* Base */ = {isa = PBXFileReference; lastKnownFileType = file.storyboard; name = Base; path = Base.lproj/LaunchScreen.storyboard; sourceTree = "<group>"; };
		E0D4A10C2195A711003721DD /* Info.plist */ = {isa = PBXFileReference; lastKnownFileType = text.plist.xml; path = Info.plist; sourceTree = "<group>"; };
		E0D4A1162195A91F003721DD /* Level-01.plist */ = {isa = PBXFileReference; fileEncoding = 4; lastKnownFileType = text.plist.xml; path = "Level-01.plist"; sourceTree = "<group>"; };
		E0D4A1182195A91F003721DD /* Particle.png */ = {isa = PBXFileReference; lastKnownFileType = image.png; path = Particle.png; sourceTree = "<group>"; };
		E0D4A1192195A91F003721DD /* Particle.sks */ = {isa = PBXFileReference; lastKnownFileType = file.sks; path = Particle.sks; sourceTree = "<group>"; };
		E0D4A11A2195A91F003721DD /* Particle@2x.png */ = {isa = PBXFileReference; lastKnownFileType = image.png; path = "Particle@2x.png"; sourceTree = "<group>"; };
		E0D4A11C2195A91F003721DD /* CheeZeeJungle.caf */ = {isa = PBXFileReference; lastKnownFileType = file; path = CheeZeeJungle.caf; sourceTree = "<group>"; };
		E0D4A11D2195A91F003721DD /* NomNom.caf */ = {isa = PBXFileReference; lastKnownFileType = file; path = NomNom.caf; sourceTree = "<group>"; };
		E0D4A11E2195A91F003721DD /* Slice.caf */ = {isa = PBXFileReference; lastKnownFileType = file; path = Slice.caf; sourceTree = "<group>"; };
		E0D4A11F2195A91F003721DD /* Splash.caf */ = {isa = PBXFileReference; lastKnownFileType = file; path = Splash.caf; sourceTree = "<group>"; };
		E0D4A12A2195A9A7003721DD /* Assets.xcassets */ = {isa = PBXFileReference; lastKnownFileType = folder.assetcatalog; path = Assets.xcassets; sourceTree = "<group>"; };
		E0D4A12C2195AEF5003721DD /* Constants.swift */ = {isa = PBXFileReference; lastKnownFileType = sourcecode.swift; path = Constants.swift; sourceTree = "<group>"; };
		E0D4A12E2195B75D003721DD /* VineNode.swift */ = {isa = PBXFileReference; lastKnownFileType = sourcecode.swift; path = VineNode.swift; sourceTree = "<group>"; };
		E0FCB2BA219EE69D009DC0B6 /* Contents.json */ = {isa = PBXFileReference; fileEncoding = 4; lastKnownFileType = text.json; path = Contents.json; sourceTree = "<group>"; };
		E0FCB2BC219EE7A1009DC0B6 /* MenuScene.swift */ = {isa = PBXFileReference; lastKnownFileType = sourcecode.swift; path = MenuScene.swift; sourceTree = "<group>"; };
		E0FCB2C0219EEC78009DC0B6 /* MenuScene.sks */ = {isa = PBXFileReference; lastKnownFileType = file.sks; path = MenuScene.sks; sourceTree = "<group>"; };
/* End PBXFileReference section */

/* Begin PBXFrameworksBuildPhase section */
		E0D4A0F42195A710003721DD /* Frameworks */ = {
			isa = PBXFrameworksBuildPhase;
			buildActionMask = 2147483647;
			files = (
			);
			runOnlyForDeploymentPostprocessing = 0;
		};
/* End PBXFrameworksBuildPhase section */

/* Begin PBXGroup section */
		E0D4A0EE2195A710003721DD = {
			isa = PBXGroup;
			children = (
				E0D4A0F92195A710003721DD /* Feed Me */,
				E0D4A0F82195A710003721DD /* Products */,
			);
			sourceTree = "<group>";
		};
		E0D4A0F82195A710003721DD /* Products */ = {
			isa = PBXGroup;
			children = (
				E0D4A0F72195A710003721DD /* Feed Me.app */,
			);
			name = Products;
			sourceTree = "<group>";
		};
		E0D4A0F92195A710003721DD /* Feed Me */ = {
			isa = PBXGroup;
			children = (
				E0D4A1132195A85C003721DD /* Classes */,
				E0D4A1122195A84C003721DD /* Helpers */,
				E0D4A0FC2195A710003721DD /* GameScene.sks */,
				E0FCB2C0219EEC78009DC0B6 /* MenuScene.sks */,
				E0D4A1042195A710003721DD /* Main.storyboard */,
				E0D4A1092195A711003721DD /* LaunchScreen.storyboard */,
				E0D4A10C2195A711003721DD /* Info.plist */,
				E0D4A1142195A91F003721DD /* Resources */,
				E0D4A12A2195A9A7003721DD /* Assets.xcassets */,
			);
			path = "Feed Me";
			sourceTree = "<group>";
		};
		E0D4A1122195A84C003721DD /* Helpers */ = {
			isa = PBXGroup;
			children = (
				E0D4A12C2195AEF5003721DD /* Constants.swift */,
			);
			path = Helpers;
			sourceTree = "<group>";
		};
		E0D4A1132195A85C003721DD /* Classes */ = {
			isa = PBXGroup;
			children = (
				E0D4A0FA2195A710003721DD /* AppDelegate.swift */,
				E0D4A1002195A710003721DD /* GameScene.swift */,
				E0D4A1022195A710003721DD /* GameViewController.swift */,
				E0D4A12E2195B75D003721DD /* VineNode.swift */,
				E0FCB2BC219EE7A1009DC0B6 /* MenuScene.swift */,
			);
			path = Classes;
			sourceTree = "<group>";
		};
		E0D4A1142195A91F003721DD /* Resources */ = {
			isa = PBXGroup;
			children = (
				E0FCB2BA219EE69D009DC0B6 /* Contents.json */,
				E0D4A1152195A91F003721DD /* Data */,
				E0D4A1172195A91F003721DD /* Particles */,
				E0D4A11B2195A91F003721DD /* Sounds */,
			);
			path = Resources;
			sourceTree = "<group>";
		};
		E0D4A1152195A91F003721DD /* Data */ = {
			isa = PBXGroup;
			children = (
				E0D4A1162195A91F003721DD /* Level-01.plist */,
				E0D2915121B54619002AF196 /* Level-02.plist */,
				E00ABC0E21BAC74D00FA0B22 /* Level-03.plist */,
			);
			path = Data;
			sourceTree = "<group>";
		};
		E0D4A1172195A91F003721DD /* Particles */ = {
			isa = PBXGroup;
			children = (
				E0D4A1182195A91F003721DD /* Particle.png */,
				E0D4A1192195A91F003721DD /* Particle.sks */,
				E0D4A11A2195A91F003721DD /* Particle@2x.png */,
			);
			path = Particles;
			sourceTree = "<group>";
		};
		E0D4A11B2195A91F003721DD /* Sounds */ = {
			isa = PBXGroup;
			children = (
				E0D4A11C2195A91F003721DD /* CheeZeeJungle.caf */,
				E0D4A11D2195A91F003721DD /* NomNom.caf */,
				E0D4A11E2195A91F003721DD /* Slice.caf */,
				E0D4A11F2195A91F003721DD /* Splash.caf */,
			);
			path = Sounds;
			sourceTree = "<group>";
		};
/* End PBXGroup section */

/* Begin PBXNativeTarget section */
		E0D4A0F62195A710003721DD /* Feed Me */ = {
			isa = PBXNativeTarget;
			buildConfigurationList = E0D4A10F2195A711003721DD /* Build configuration list for PBXNativeTarget "Feed Me" */;
			buildPhases = (
				E0D4A0F32195A710003721DD /* Sources */,
				E0D4A0F42195A710003721DD /* Frameworks */,
				E0D4A0F52195A710003721DD /* Resources */,
			);
			buildRules = (
			);
			dependencies = (
			);
			name = "Feed Me";
			productName = "Feed Me";
			productReference = E0D4A0F72195A710003721DD /* Feed Me.app */;
			productType = "com.apple.product-type.application";
		};
/* End PBXNativeTarget section */

/* Begin PBXProject section */
		E0D4A0EF2195A710003721DD /* Project object */ = {
			isa = PBXProject;
			attributes = {
				LastSwiftUpdateCheck = 0940;
				LastUpgradeCheck = 0940;
				ORGANIZATIONNAME = 20072163;
				TargetAttributes = {
					E0D4A0F62195A710003721DD = {
						CreatedOnToolsVersion = 9.4.1;
					};
				};
			};
			buildConfigurationList = E0D4A0F22195A710003721DD /* Build configuration list for PBXProject "Feed Me" */;
			compatibilityVersion = "Xcode 9.3";
			developmentRegion = en;
			hasScannedForEncodings = 0;
			knownRegions = (
				en,
				Base,
			);
			mainGroup = E0D4A0EE2195A710003721DD;
			productRefGroup = E0D4A0F82195A710003721DD /* Products */;
			projectDirPath = "";
			projectRoot = "";
			targets = (
				E0D4A0F62195A710003721DD /* Feed Me */,
			);
		};
/* End PBXProject section */

/* Begin PBXResourcesBuildPhase section */
		E0D4A0F52195A710003721DD /* Resources */ = {
			isa = PBXResourcesBuildPhase;
			buildActionMask = 2147483647;
			files = (
				E00ABC0F21BAC74D00FA0B22 /* Level-03.plist in Resources */,
				E0D4A1252195A91F003721DD /* NomNom.caf in Resources */,
				E0D4A1232195A91F003721DD /* Particle@2x.png in Resources */,
				E0D4A1222195A91F003721DD /* Particle.sks in Resources */,
				E0D4A1262195A91F003721DD /* Slice.caf in Resources */,
				E0D4A1062195A710003721DD /* Main.storyboard in Resources */,
				E0D4A1272195A91F003721DD /* Splash.caf in Resources */,
				E0D4A1212195A91F003721DD /* Particle.png in Resources */,
				E0FCB2BB219EE69D009DC0B6 /* Contents.json in Resources */,
				E0D4A1202195A91F003721DD /* Level-01.plist in Resources */,
				E0D4A0FD2195A710003721DD /* GameScene.sks in Resources */,
				E0D4A10B2195A711003721DD /* LaunchScreen.storyboard in Resources */,
				E0D2915221B54619002AF196 /* Level-02.plist in Resources */,
				E0D4A12B2195A9A7003721DD /* Assets.xcassets in Resources */,
				E0D4A1242195A91F003721DD /* CheeZeeJungle.caf in Resources */,
				E0FCB2C1219EEC78009DC0B6 /* MenuScene.sks in Resources */,
			);
			runOnlyForDeploymentPostprocessing = 0;
		};
/* End PBXResourcesBuildPhase section */

/* Begin PBXSourcesBuildPhase section */
		E0D4A0F32195A710003721DD /* Sources */ = {
			isa = PBXSourcesBuildPhase;
			buildActionMask = 2147483647;
			files = (
				E0D4A1012195A710003721DD /* GameScene.swift in Sources */,
				E0D4A1032195A710003721DD /* GameViewController.swift in Sources */,
				E0D4A0FB2195A710003721DD /* AppDelegate.swift in Sources */,
				E0FCB2BD219EE7A1009DC0B6 /* MenuScene.swift in Sources */,
				E0D4A12F2195B75D003721DD /* VineNode.swift in Sources */,
				E0D4A12D2195AEF5003721DD /* Constants.swift in Sources */,
			);
			runOnlyForDeploymentPostprocessing = 0;
		};
/* End PBXSourcesBuildPhase section */

/* Begin PBXVariantGroup section */
		E0D4A1042195A710003721DD /* Main.storyboard */ = {
			isa = PBXVariantGroup;
			children = (
				E0D4A1052195A710003721DD /* Base */,
			);
			name = Main.storyboard;
			sourceTree = "<group>";
		};
		E0D4A1092195A711003721DD /* LaunchScreen.storyboard */ = {
			isa = PBXVariantGroup;
			children = (
				E0D4A10A2195A711003721DD /* Base */,
			);
			name = LaunchScreen.storyboard;
			sourceTree = "<group>";
		};
/* End PBXVariantGroup section */

/* Begin XCBuildConfiguration section */
		E0D4A10D2195A711003721DD /* Debug */ = {
			isa = XCBuildConfiguration;
			buildSettings = {
				ALWAYS_SEARCH_USER_PATHS = NO;
				CLANG_ANALYZER_NONNULL = YES;
				CLANG_ANALYZER_NUMBER_OBJECT_CONVERSION = YES_AGGRESSIVE;
				CLANG_CXX_LANGUAGE_STANDARD = "gnu++14";
				CLANG_CXX_LIBRARY = "libc++";
				CLANG_ENABLE_MODULES = YES;
				CLANG_ENABLE_OBJC_ARC = YES;
				CLANG_ENABLE_OBJC_WEAK = YES;
				CLANG_WARN_BLOCK_CAPTURE_AUTORELEASING = YES;
				CLANG_WARN_BOOL_CONVERSION = YES;
				CLANG_WARN_COMMA = YES;
				CLANG_WARN_CONSTANT_CONVERSION = YES;
				CLANG_WARN_DEPRECATED_OBJC_IMPLEMENTATIONS = YES;
				CLANG_WARN_DIRECT_OBJC_ISA_USAGE = YES_ERROR;
				CLANG_WARN_DOCUMENTATION_COMMENTS = YES;
				CLANG_WARN_EMPTY_BODY = YES;
				CLANG_WARN_ENUM_CONVERSION = YES;
				CLANG_WARN_INFINITE_RECURSION = YES;
				CLANG_WARN_INT_CONVERSION = YES;
				CLANG_WARN_NON_LITERAL_NULL_CONVERSION = YES;
				CLANG_WARN_OBJC_IMPLICIT_RETAIN_SELF = YES;
				CLANG_WARN_OBJC_LITERAL_CONVERSION = YES;
				CLANG_WARN_OBJC_ROOT_CLASS = YES_ERROR;
				CLANG_WARN_RANGE_LOOP_ANALYSIS = YES;
				CLANG_WARN_STRICT_PROTOTYPES = YES;
				CLANG_WARN_SUSPICIOUS_MOVE = YES;
				CLANG_WARN_UNGUARDED_AVAILABILITY = YES_AGGRESSIVE;
				CLANG_WARN_UNREACHABLE_CODE = YES;
				CLANG_WARN__DUPLICATE_METHOD_MATCH = YES;
				CODE_SIGN_IDENTITY = "iPhone Developer";
				COPY_PHASE_STRIP = NO;
				DEBUG_INFORMATION_FORMAT = dwarf;
				ENABLE_STRICT_OBJC_MSGSEND = YES;
				ENABLE_TESTABILITY = YES;
				GCC_C_LANGUAGE_STANDARD = gnu11;
				GCC_DYNAMIC_NO_PIC = NO;
				GCC_NO_COMMON_BLOCKS = YES;
				GCC_OPTIMIZATION_LEVEL = 0;
				GCC_PREPROCESSOR_DEFINITIONS = (
					"DEBUG=1",
					"$(inherited)",
				);
				GCC_WARN_64_TO_32_BIT_CONVERSION = YES;
				GCC_WARN_ABOUT_RETURN_TYPE = YES_ERROR;
				GCC_WARN_UNDECLARED_SELECTOR = YES;
				GCC_WARN_UNINITIALIZED_AUTOS = YES_AGGRESSIVE;
				GCC_WARN_UNUSED_FUNCTION = YES;
				GCC_WARN_UNUSED_VARIABLE = YES;
				IPHONEOS_DEPLOYMENT_TARGET = 11.4;
				MTL_ENABLE_DEBUG_INFO = YES;
				ONLY_ACTIVE_ARCH = YES;
				SDKROOT = iphoneos;
				SWIFT_ACTIVE_COMPILATION_CONDITIONS = DEBUG;
				SWIFT_OPTIMIZATION_LEVEL = "-Onone";
			};
			name = Debug;
		};
		E0D4A10E2195A711003721DD /* Release */ = {
			isa = XCBuildConfiguration;
			buildSettings = {
				ALWAYS_SEARCH_USER_PATHS = NO;
				CLANG_ANALYZER_NONNULL = YES;
				CLANG_ANALYZER_NUMBER_OBJECT_CONVERSION = YES_AGGRESSIVE;
				CLANG_CXX_LANGUAGE_STANDARD = "gnu++14";
				CLANG_CXX_LIBRARY = "libc++";
				CLANG_ENABLE_MODULES = YES;
				CLANG_ENABLE_OBJC_ARC = YES;
				CLANG_ENABLE_OBJC_WEAK = YES;
				CLANG_WARN_BLOCK_CAPTURE_AUTORELEASING = YES;
				CLANG_WARN_BOOL_CONVERSION = YES;
				CLANG_WARN_COMMA = YES;
				CLANG_WARN_CONSTANT_CONVERSION = YES;
				CLANG_WARN_DEPRECATED_OBJC_IMPLEMENTATIONS = YES;
				CLANG_WARN_DIRECT_OBJC_ISA_USAGE = YES_ERROR;
				CLANG_WARN_DOCUMENTATION_COMMENTS = YES;
				CLANG_WARN_EMPTY_BODY = YES;
				CLANG_WARN_ENUM_CONVERSION = YES;
				CLANG_WARN_INFINITE_RECURSION = YES;
				CLANG_WARN_INT_CONVERSION = YES;
				CLANG_WARN_NON_LITERAL_NULL_CONVERSION = YES;
				CLANG_WARN_OBJC_IMPLICIT_RETAIN_SELF = YES;
				CLANG_WARN_OBJC_LITERAL_CONVERSION = YES;
				CLANG_WARN_OBJC_ROOT_CLASS = YES_ERROR;
				CLANG_WARN_RANGE_LOOP_ANALYSIS = YES;
				CLANG_WARN_STRICT_PROTOTYPES = YES;
				CLANG_WARN_SUSPICIOUS_MOVE = YES;
				CLANG_WARN_UNGUARDED_AVAILABILITY = YES_AGGRESSIVE;
				CLANG_WARN_UNREACHABLE_CODE = YES;
				CLANG_WARN__DUPLICATE_METHOD_MATCH = YES;
				CODE_SIGN_IDENTITY = "iPhone Developer";
				COPY_PHASE_STRIP = NO;
				DEBUG_INFORMATION_FORMAT = "dwarf-with-dsym";
				ENABLE_NS_ASSERTIONS = NO;
				ENABLE_STRICT_OBJC_MSGSEND = YES;
				GCC_C_LANGUAGE_STANDARD = gnu11;
				GCC_NO_COMMON_BLOCKS = YES;
				GCC_WARN_64_TO_32_BIT_CONVERSION = YES;
				GCC_WARN_ABOUT_RETURN_TYPE = YES_ERROR;
				GCC_WARN_UNDECLARED_SELECTOR = YES;
				GCC_WARN_UNINITIALIZED_AUTOS = YES_AGGRESSIVE;
				GCC_WARN_UNUSED_FUNCTION = YES;
				GCC_WARN_UNUSED_VARIABLE = YES;
				IPHONEOS_DEPLOYMENT_TARGET = 11.4;
				MTL_ENABLE_DEBUG_INFO = NO;
				SDKROOT = iphoneos;
				SWIFT_COMPILATION_MODE = wholemodule;
				SWIFT_OPTIMIZATION_LEVEL = "-O";
				VALIDATE_PRODUCT = YES;
			};
			name = Release;
		};
		E0D4A1102195A711003721DD /* Debug */ = {
			isa = XCBuildConfiguration;
			buildSettings = {
				ASSETCATALOG_COMPILER_APPICON_NAME = AppIcon;
				CODE_SIGN_STYLE = Automatic;
				INFOPLIST_FILE = "Feed Me/Info.plist";
				LD_RUNPATH_SEARCH_PATHS = (
					"$(inherited)",
					"@executable_path/Frameworks",
				);
				PRODUCT_BUNDLE_IDENTIFIER = "WIT.Feed-Me";
				PRODUCT_NAME = "$(TARGET_NAME)";
				SWIFT_VERSION = 4.0;
				TARGETED_DEVICE_FAMILY = "1,2";
			};
			name = Debug;
		};
		E0D4A1112195A711003721DD /* Release */ = {
			isa = XCBuildConfiguration;
			buildSettings = {
				ASSETCATALOG_COMPILER_APPICON_NAME = AppIcon;
				CODE_SIGN_STYLE = Automatic;
				INFOPLIST_FILE = "Feed Me/Info.plist";
				LD_RUNPATH_SEARCH_PATHS = (
					"$(inherited)",
					"@executable_path/Frameworks",
				);
				PRODUCT_BUNDLE_IDENTIFIER = "WIT.Feed-Me";
				PRODUCT_NAME = "$(TARGET_NAME)";
				SWIFT_VERSION = 4.0;
				TARGETED_DEVICE_FAMILY = "1,2";
			};
			name = Release;
		};
/* End XCBuildConfiguration section */

/* Begin XCConfigurationList section */
		E0D4A0F22195A710003721DD /* Build configuration list for PBXProject "Feed Me" */ = {
			isa = XCConfigurationList;
			buildConfigurations = (
				E0D4A10D2195A711003721DD /* Debug */,
				E0D4A10E2195A711003721DD /* Release */,
			);
			defaultConfigurationIsVisible = 0;
			defaultConfigurationName = Release;
		};
		E0D4A10F2195A711003721DD /* Build configuration list for PBXNativeTarget "Feed Me" */ = {
			isa = XCConfigurationList;
			buildConfigurations = (
				E0D4A1102195A711003721DD /* Debug */,
				E0D4A1112195A711003721DD /* Release */,
			);
			defaultConfigurationIsVisible = 0;
			defaultConfigurationName = Release;
		};
/* End XCConfigurationList section */
	};
	rootObject = E0D4A0EF2195A710003721DD /* Project object */;
}
